
Microsoft Visual Studio Solution File, Format Version 12.00
# Visual Studio 2012
Project("{2150E333-8FDC-42A3-9474-1A3956D46DE8}") = "Solution Items", "Solution Items", "{B9984735-0E0F-4336-8750-B282B1DE5779}"
	ProjectSection(SolutionItems) = preProject
		script.js = script.js
		style.css = style.css
		TheGuy.html = TheGuy.html
	EndProjectSection
EndProject
Global
	GlobalSection(SolutionProperties) = preSolution
		HideSolutionNode = FALSE
	EndGlobalSection
EndGlobal
